PATH
  remote: .
  specs:
    simd (0.6.0)

GEM
  remote: https://rubygems.org/
  specs:
    minitest (6.0.1)
      prism (~> 1.5)
    minitest-proptest (0.4.0)
      minitest (>= 5, < 7)
    prism (1.7.0)
    rake (13.3.1)
    rake-compiler (1.3.1)
      rake

PLATFORMS
  ruby
  x86_64-linux

DEPENDENCIES
  minitest-proptest (~> 0)
  rake-compiler (~> 1)
  simd!

CHECKSUMS
  minitest (6.0.1) sha256=7854c74f48e2e975969062833adc4013f249a4b212f5e7b9d5c040bf838d54bb
  minitest-proptest (0.4.0) sha256=ecca2426af8672ec3d2b6e4a2b78bface3d3e5b9415a281465bb3185070ae770
  prism (1.7.0) sha256=10062f734bf7985c8424c44fac382ac04a58124ea3d220ec3ba9fe4f2da65103
  rake (13.3.1) sha256=8c9e89d09f66a26a01264e7e3480ec0607f0c497a861ef16063604b1b08eb19c
  rake-compiler (1.3.1) sha256=6b351612b6e2d73ddd5563ee799bb58685176e05363db6758504bd11573d670a
  simd (0.6.0)

BUNDLED WITH
   2.6.9
